
Microsoft Visual Studio Solution File, Format Version 12.00
# Visual Studio Version 16
VisualStudioVersion = 16.0.29911.84
MinimumVisualStudioVersion = 10.0.40219.1
Project("{FAE04EC0-301F-11D3-BF4B-00C04F79EFBC}") = "Taxi.WebUI", "Taxi.WebUI.csproj", "{55E273D2-2BA1-4A94-9CBB-6EE5CD2F2CEA}"
EndProject
Project("{9A19103F-16F7-4668-BE54-9A1E7A4F7556}") = "Taxi.DAL", "..\..\Lab2\src\DataAccessLayer\Taxi.DAL.csproj", "{78FEB759-9387-44C9-9EA7-6741DC035D87}"
EndProject
Project("{9A19103F-16F7-4668-BE54-9A1E7A4F7556}") = "Taxi.BusinessLogic", "..\..\Lab2\src\BusinessLogic\Taxi.BusinessLogic.csproj", "{7409AECE-A7EA-4D85-842F-A938589B3BD8}"
EndProject
Global
	GlobalSection(SolutionConfigurationPlatforms) = preSolution
		Debug|Any CPU = Debug|Any CPU
		Release|Any CPU = Release|Any CPU
	EndGlobalSection
	GlobalSection(ProjectConfigurationPlatforms) = postSolution
		{55E273D2-2BA1-4A94-9CBB-6EE5CD2F2CEA}.Debug|Any CPU.ActiveCfg = Debug|Any CPU
		{55E273D2-2BA1-4A94-9CBB-6EE5CD2F2CEA}.Debug|Any CPU.Build.0 = Debug|Any CPU
		{55E273D2-2BA1-4A94-9CBB-6EE5CD2F2CEA}.Release|Any CPU.ActiveCfg = Release|Any CPU
		{55E273D2-2BA1-4A94-9CBB-6EE5CD2F2CEA}.Release|Any CPU.Build.0 = Release|Any CPU
		{78FEB759-9387-44C9-9EA7-6741DC035D87}.Debug|Any CPU.ActiveCfg = Debug|Any CPU
		{78FEB759-9387-44C9-9EA7-6741DC035D87}.Debug|Any CPU.Build.0 = Debug|Any CPU
		{78FEB759-9387-44C9-9EA7-6741DC035D87}.Release|Any CPU.ActiveCfg = Release|Any CPU
		{78FEB759-9387-44C9-9EA7-6741DC035D87}.Release|Any CPU.Build.0 = Release|Any CPU
		{7409AECE-A7EA-4D85-842F-A938589B3BD8}.Debug|Any CPU.ActiveCfg = Debug|Any CPU
		{7409AECE-A7EA-4D85-842F-A938589B3BD8}.Debug|Any CPU.Build.0 = Debug|Any CPU
		{7409AECE-A7EA-4D85-842F-A938589B3BD8}.Release|Any CPU.ActiveCfg = Release|Any CPU
		{7409AECE-A7EA-4D85-842F-A938589B3BD8}.Release|Any CPU.Build.0 = Release|Any CPU
	EndGlobalSection
	GlobalSection(SolutionProperties) = preSolution
		HideSolutionNode = FALSE
	EndGlobalSection
	GlobalSection(ExtensibilityGlobals) = postSolution
		SolutionGuid = {A460A52B-8D3C-4B9F-A2C9-82DFE6EE00A0}
	EndGlobalSection
EndGlobal
